
Microsoft Visual Studio Solution File, Format Version 12.00
# Visual Studio Version 16
VisualStudioVersion = 16.0.31025.194
MinimumVisualStudioVersion = 10.0.40219.1
Project("{8BC9CEB8-8B4A-11D0-8D11-00A0C91BC942}") = "Lesson8task2", "Lesson8task2\Lesson8task2.vcxproj", "{84B6810B-9495-40FB-81AA-AB880F1D5A43}"
EndProject
Global
	GlobalSection(SolutionConfigurationPlatforms) = preSolution
		Debug|x64 = Debug|x64
		Debug|x86 = Debug|x86
		Release|x64 = Release|x64
		Release|x86 = Release|x86
	EndGlobalSection
	GlobalSection(ProjectConfigurationPlatforms) = postSolution
		{84B6810B-9495-40FB-81AA-AB880F1D5A43}.Debug|x64.ActiveCfg = Debug|x64
		{84B6810B-9495-40FB-81AA-AB880F1D5A43}.Debug|x64.Build.0 = Debug|x64
		{84B6810B-9495-40FB-81AA-AB880F1D5A43}.Debug|x86.ActiveCfg = Debug|Win32
		{84B6810B-9495-40FB-81AA-AB880F1D5A43}.Debug|x86.Build.0 = Debug|Win32
		{84B6810B-9495-40FB-81AA-AB880F1D5A43}.Release|x64.ActiveCfg = Release|x64
		{84B6810B-9495-40FB-81AA-AB880F1D5A43}.Release|x64.Build.0 = Release|x64
		{84B6810B-9495-40FB-81AA-AB880F1D5A43}.Release|x86.ActiveCfg = Release|Win32
		{84B6810B-9495-40FB-81AA-AB880F1D5A43}.Release|x86.Build.0 = Release|Win32
	EndGlobalSection
	GlobalSection(SolutionProperties) = preSolution
		HideSolutionNode = FALSE
	EndGlobalSection
	GlobalSection(ExtensibilityGlobals) = postSolution
		SolutionGuid = {B5A11826-01D7-427E-9F30-7C74F783C27B}
	EndGlobalSection
EndGlobal
